<?xml version="1.0" encoding="utf-8"?>
<Project ToolsVersion="4.0" xmlns="http://schemas.microsoft.com/developer/msbuild/2003">
  <ItemGroup>
    <Filter Include="Source Files">
      <UniqueIdentifier>{4FC737F1-C7A5-4376-A066-2A32D752A2FF}</UniqueIdentifier>
      <Extensions>cpp;c;cc;cxx;def;odl;idl;hpj;bat;asm;asmx</Extensions>
    </Filter>
    <Filter Include="Source Files\vst2.x">
      <UniqueIdentifier>{77f75e75-16fc-4ba7-af13-c8ac54964fd3}</UniqueIdentifier>
    </Filter>
    <Filter Include="Interfaces">
      <UniqueIdentifier>{14f0269a-99d0-41e4-b228-ab477836afa7}</UniqueIdentifier>
    </Filter>
  </ItemGroup>
  <ItemGroup>
    <ClCompile Include="..\source\again.cpp">
      <Filter>Source Files</Filter>
    </ClCompile>
    <ClCompile Include="..\..\..\..\source\vst2.x\audioeffect.cpp">
      <Filter>Source Files\vst2.x</Filter>
    </ClCompile>
    <ClCompile Include="..\..\..\..\source\vst2.x\audioeffectx.cpp">
      <Filter>Source Files\vst2.x</Filter>
    </ClCompile>
    <ClCompile Include="..\..\..\..\source\vst2.x\vstplugmain.cpp">
      <Filter>Source Files\vst2.x</Filter>
    </ClCompile>
  </ItemGroup>
  <ItemGroup>
    <ClInclude Include="..\source\again.h">
      <Filter>Source Files</Filter>
    </ClInclude>
    <ClInclude Include="..\..\..\..\source\vst2.x\aeffeditor.h">
      <Filter>Source Files\vst2.x</Filter>
    </ClInclude>
    <ClInclude Include="..\..\..\..\source\vst2.x\audioeffect.h">
      <Filter>Source Files\vst2.x</Filter>
    </ClInclude>
    <ClInclude Include="..\..\..\..\source\vst2.x\audioeffectx.h">
      <Filter>Source Files\vst2.x</Filter>
    </ClInclude>
    <ClInclude Include="..\..\..\..\..\pluginterfaces\vst2.x\aeffect.h">
      <Filter>Interfaces</Filter>
    </ClInclude>
    <ClInclude Include="..\..\..\..\..\pluginterfaces\vst2.x\aeffectx.h">
      <Filter>Interfaces</Filter>
    </ClInclude>
    <ClInclude Include="..\..\..\..\..\pluginterfaces\vst2.x\vstfxstore.h">
      <Filter>Interfaces</Filter>
    </ClInclude>
  </ItemGroup>
</Project>